// !$*UTF8*$!
{
	archiveVersion = 1;
	classes = {
	};
	objectVersion = 50;
	objects = {

/* Begin PBXBuildFile section */
		8B4D011423FD5B7700FC0F69 /* AppDelegate.swift in Sources */ = {isa = PBXBuildFile; fileRef = 8B4D011323FD5B7700FC0F69 /* AppDelegate.swift */; };
		8B4D011623FD5B7700FC0F69 /* ViewController.swift in Sources */ = {isa = PBXBuildFile; fileRef = 8B4D011523FD5B7700FC0F69 /* ViewController.swift */; };
		8B4D011923FD5B7700FC0F69 /* HolidayPlanner.xcdatamodeld in Sources */ = {isa = PBXBuildFile; fileRef = 8B4D011723FD5B7700FC0F69 /* HolidayPlanner.xcdatamodeld */; };
		8B4D011B23FD5B7800FC0F69 /* Assets.xcassets in Resources */ = {isa = PBXBuildFile; fileRef = 8B4D011A23FD5B7800FC0F69 /* Assets.xcassets */; };
		8B4D011E23FD5B7800FC0F69 /* Main.storyboard in Resources */ = {isa = PBXBuildFile; fileRef = 8B4D011C23FD5B7800FC0F69 /* Main.storyboard */; };
		8B4D012723FD5C4200FC0F69 /* TripListViewController.swift in Sources */ = {isa = PBXBuildFile; fileRef = 8B4D012623FD5C4200FC0F69 /* TripListViewController.swift */; };
		8B4D012A23FD5C8E00FC0F69 /* TripDetailsViewController.swift in Sources */ = {isa = PBXBuildFile; fileRef = 8B4D012823FD5C8E00FC0F69 /* TripDetailsViewController.swift */; };
		8B4D012D23FD5C9E00FC0F69 /* TripNoteViewController.swift in Sources */ = {isa = PBXBuildFile; fileRef = 8B4D012C23FD5C9E00FC0F69 /* TripNoteViewController.swift */; };
		8B622C1F240217410045FBFD /* TripSplitViewController.swift in Sources */ = {isa = PBXBuildFile; fileRef = 8B622C1E240217410045FBFD /* TripSplitViewController.swift */; };
		8B622C212402179A0045FBFD /* TripTabViewController.swift in Sources */ = {isa = PBXBuildFile; fileRef = 8B622C20240217990045FBFD /* TripTabViewController.swift */; };
		8B875AE524045D09000E5798 /* TripPhotosViewController.swift in Sources */ = {isa = PBXBuildFile; fileRef = 8B875AE424045D09000E5798 /* TripPhotosViewController.swift */; };
		8B875AE824045FDB000E5798 /* PhotoCollectionViewItem.swift in Sources */ = {isa = PBXBuildFile; fileRef = 8B875AE624045FDB000E5798 /* PhotoCollectionViewItem.swift */; };
		8B875AE924045FDB000E5798 /* PhotoCollectionViewItem.xib in Resources */ = {isa = PBXBuildFile; fileRef = 8B875AE724045FDB000E5798 /* PhotoCollectionViewItem.xib */; };
		8B875AEB24046B6C000E5798 /* AddPhotoViewController.swift in Sources */ = {isa = PBXBuildFile; fileRef = 8B875AEA24046B6C000E5798 /* AddPhotoViewController.swift */; };
/* End PBXBuildFile section */

/* Begin PBXFileReference section */
		8B4D011023FD5B7700FC0F69 /* HolidayPlanner.app */ = {isa = PBXFileReference; explicitFileType = wrapper.application; includeInIndex = 0; path = HolidayPlanner.app; sourceTree = BUILT_PRODUCTS_DIR; };
		8B4D011323FD5B7700FC0F69 /* AppDelegate.swift */ = {isa = PBXFileReference; lastKnownFileType = sourcecode.swift; path = AppDelegate.swift; sourceTree = "<group>"; };
		8B4D011523FD5B7700FC0F69 /* ViewController.swift */ = {isa = PBXFileReference; lastKnownFileType = sourcecode.swift; path = ViewController.swift; sourceTree = "<group>"; };
		8B4D011823FD5B7700FC0F69 /* HolidayPlanner.xcdatamodel */ = {isa = PBXFileReference; lastKnownFileType = wrapper.xcdatamodel; path = HolidayPlanner.xcdatamodel; sourceTree = "<group>"; };
		8B4D011A23FD5B7800FC0F69 /* Assets.xcassets */ = {isa = PBXFileReference; lastKnownFileType = folder.assetcatalog; path = Assets.xcassets; sourceTree = "<group>"; };
		8B4D011D23FD5B7800FC0F69 /* Base */ = {isa = PBXFileReference; lastKnownFileType = file.storyboard; name = Base; path = Base.lproj/Main.storyboard; sourceTree = "<group>"; };
		8B4D011F23FD5B7800FC0F69 /* Info.plist */ = {isa = PBXFileReference; lastKnownFileType = text.plist.xml; path = Info.plist; sourceTree = "<group>"; };
		8B4D012023FD5B7800FC0F69 /* HolidayPlanner.entitlements */ = {isa = PBXFileReference; lastKnownFileType = text.plist.entitlements; path = HolidayPlanner.entitlements; sourceTree = "<group>"; };
		8B4D012623FD5C4200FC0F69 /* TripListViewController.swift */ = {isa = PBXFileReference; lastKnownFileType = sourcecode.swift; path = TripListViewController.swift; sourceTree = "<group>"; };
		8B4D012823FD5C8E00FC0F69 /* TripDetailsViewController.swift */ = {isa = PBXFileReference; lastKnownFileType = sourcecode.swift; path = TripDetailsViewController.swift; sourceTree = "<group>"; };
		8B4D012C23FD5C9E00FC0F69 /* TripNoteViewController.swift */ = {isa = PBXFileReference; lastKnownFileType = sourcecode.swift; path = TripNoteViewController.swift; sourceTree = "<group>"; };
		8B622C1E240217410045FBFD /* TripSplitViewController.swift */ = {isa = PBXFileReference; lastKnownFileType = sourcecode.swift; path = TripSplitViewController.swift; sourceTree = "<group>"; };
		8B622C20240217990045FBFD /* TripTabViewController.swift */ = {isa = PBXFileReference; lastKnownFileType = sourcecode.swift; path = TripTabViewController.swift; sourceTree = "<group>"; };
		8B875AE424045D09000E5798 /* TripPhotosViewController.swift */ = {isa = PBXFileReference; lastKnownFileType = sourcecode.swift; path = TripPhotosViewController.swift; sourceTree = "<group>"; };
		8B875AE624045FDB000E5798 /* PhotoCollectionViewItem.swift */ = {isa = PBXFileReference; lastKnownFileType = sourcecode.swift; path = PhotoCollectionViewItem.swift; sourceTree = "<group>"; };
		8B875AE724045FDB000E5798 /* PhotoCollectionViewItem.xib */ = {isa = PBXFileReference; lastKnownFileType = file.xib; path = PhotoCollectionViewItem.xib; sourceTree = "<group>"; };
		8B875AEA24046B6C000E5798 /* AddPhotoViewController.swift */ = {isa = PBXFileReference; lastKnownFileType = sourcecode.swift; path = AddPhotoViewController.swift; sourceTree = "<group>"; };
/* End PBXFileReference section */

/* Begin PBXFrameworksBuildPhase section */
		8B4D010D23FD5B7700FC0F69 /* Frameworks */ = {
			isa = PBXFrameworksBuildPhase;
			buildActionMask = 2147483647;
			files = (
			);
			runOnlyForDeploymentPostprocessing = 0;
		};
/* End PBXFrameworksBuildPhase section */

/* Begin PBXGroup section */
		8B4D010723FD5B7700FC0F69 = {
			isa = PBXGroup;
			children = (
				8B4D011223FD5B7700FC0F69 /* HolidayPlanner */,
				8B4D011123FD5B7700FC0F69 /* Products */,
			);
			sourceTree = "<group>";
		};
		8B4D011123FD5B7700FC0F69 /* Products */ = {
			isa = PBXGroup;
			children = (
				8B4D011023FD5B7700FC0F69 /* HolidayPlanner.app */,
			);
			name = Products;
			sourceTree = "<group>";
		};
		8B4D011223FD5B7700FC0F69 /* HolidayPlanner */ = {
			isa = PBXGroup;
			children = (
				8B4D011323FD5B7700FC0F69 /* AppDelegate.swift */,
				8B4D011523FD5B7700FC0F69 /* ViewController.swift */,
				8B4D011A23FD5B7800FC0F69 /* Assets.xcassets */,
				8B4D011C23FD5B7800FC0F69 /* Main.storyboard */,
				8B875AE724045FDB000E5798 /* PhotoCollectionViewItem.xib */,
				8B4D011F23FD5B7800FC0F69 /* Info.plist */,
				8B4D012023FD5B7800FC0F69 /* HolidayPlanner.entitlements */,
				8B4D011723FD5B7700FC0F69 /* HolidayPlanner.xcdatamodeld */,
				8B622C1E240217410045FBFD /* TripSplitViewController.swift */,
				8B4D012623FD5C4200FC0F69 /* TripListViewController.swift */,
				8B4D012C23FD5C9E00FC0F69 /* TripNoteViewController.swift */,
				8B4D012823FD5C8E00FC0F69 /* TripDetailsViewController.swift */,
				8B622C20240217990045FBFD /* TripTabViewController.swift */,
				8B875AE424045D09000E5798 /* TripPhotosViewController.swift */,
				8B875AE624045FDB000E5798 /* PhotoCollectionViewItem.swift */,
				8B875AEA24046B6C000E5798 /* AddPhotoViewController.swift */,
			);
			path = HolidayPlanner;
			sourceTree = "<group>";
		};
/* End PBXGroup section */

/* Begin PBXNativeTarget section */
		8B4D010F23FD5B7700FC0F69 /* HolidayPlanner */ = {
			isa = PBXNativeTarget;
			buildConfigurationList = 8B4D012323FD5B7800FC0F69 /* Build configuration list for PBXNativeTarget "HolidayPlanner" */;
			buildPhases = (
				8B4D010C23FD5B7700FC0F69 /* Sources */,
				8B4D010D23FD5B7700FC0F69 /* Frameworks */,
				8B4D010E23FD5B7700FC0F69 /* Resources */,
			);
			buildRules = (
			);
			dependencies = (
			);
			name = HolidayPlanner;
			productName = HolidayPlanner;
			productReference = 8B4D011023FD5B7700FC0F69 /* HolidayPlanner.app */;
			productType = "com.apple.product-type.application";
		};
/* End PBXNativeTarget section */

/* Begin PBXProject section */
		8B4D010823FD5B7700FC0F69 /* Project object */ = {
			isa = PBXProject;
			attributes = {
				LastSwiftUpdateCheck = 1010;
				LastUpgradeCheck = 1010;
				ORGANIZATIONNAME = "Shanaka Senevirathne";
				TargetAttributes = {
					8B4D010F23FD5B7700FC0F69 = {
						CreatedOnToolsVersion = 10.1;
					};
				};
			};
			buildConfigurationList = 8B4D010B23FD5B7700FC0F69 /* Build configuration list for PBXProject "HolidayPlanner" */;
			compatibilityVersion = "Xcode 9.3";
			developmentRegion = en;
			hasScannedForEncodings = 0;
			knownRegions = (
				en,
				Base,
			);
			mainGroup = 8B4D010723FD5B7700FC0F69;
			productRefGroup = 8B4D011123FD5B7700FC0F69 /* Products */;
			projectDirPath = "";
			projectRoot = "";
			targets = (
				8B4D010F23FD5B7700FC0F69 /* HolidayPlanner */,
			);
		};
/* End PBXProject section */

/* Begin PBXResourcesBuildPhase section */
		8B4D010E23FD5B7700FC0F69 /* Resources */ = {
			isa = PBXResourcesBuildPhase;
			buildActionMask = 2147483647;
			files = (
				8B4D011B23FD5B7800FC0F69 /* Assets.xcassets in Resources */,
				8B4D011E23FD5B7800FC0F69 /* Main.storyboard in Resources */,
				8B875AE924045FDB000E5798 /* PhotoCollectionViewItem.xib in Resources */,
			);
			runOnlyForDeploymentPostprocessing = 0;
		};
/* End PBXResourcesBuildPhase section */

/* Begin PBXSourcesBuildPhase section */
		8B4D010C23FD5B7700FC0F69 /* Sources */ = {
			isa = PBXSourcesBuildPhase;
			buildActionMask = 2147483647;
			files = (
				8B4D012A23FD5C8E00FC0F69 /* TripDetailsViewController.swift in Sources */,
				8B622C212402179A0045FBFD /* TripTabViewController.swift in Sources */,
				8B4D011623FD5B7700FC0F69 /* ViewController.swift in Sources */,
				8B875AE524045D09000E5798 /* TripPhotosViewController.swift in Sources */,
				8B4D012723FD5C4200FC0F69 /* TripListViewController.swift in Sources */,
				8B4D012D23FD5C9E00FC0F69 /* TripNoteViewController.swift in Sources */,
				8B875AEB24046B6C000E5798 /* AddPhotoViewController.swift in Sources */,
				8B4D011423FD5B7700FC0F69 /* AppDelegate.swift in Sources */,
				8B622C1F240217410045FBFD /* TripSplitViewController.swift in Sources */,
				8B875AE824045FDB000E5798 /* PhotoCollectionViewItem.swift in Sources */,
				8B4D011923FD5B7700FC0F69 /* HolidayPlanner.xcdatamodeld in Sources */,
			);
			runOnlyForDeploymentPostprocessing = 0;
		};
/* End PBXSourcesBuildPhase section */

/* Begin PBXVariantGroup section */
		8B4D011C23FD5B7800FC0F69 /* Main.storyboard */ = {
			isa = PBXVariantGroup;
			children = (
				8B4D011D23FD5B7800FC0F69 /* Base */,
			);
			name = Main.storyboard;
			sourceTree = "<group>";
		};
/* End PBXVariantGroup section */

/* Begin XCBuildConfiguration section */
		8B4D012123FD5B7800FC0F69 /* Debug */ = {
			isa = XCBuildConfiguration;
			buildSettings = {
				ALWAYS_SEARCH_USER_PATHS = NO;
				CLANG_ANALYZER_NONNULL = YES;
				CLANG_ANALYZER_NUMBER_OBJECT_CONVERSION = YES_AGGRESSIVE;
				CLANG_CXX_LANGUAGE_STANDARD = "gnu++14";
				CLANG_CXX_LIBRARY = "libc++";
				CLANG_ENABLE_MODULES = YES;
				CLANG_ENABLE_OBJC_ARC = YES;
				CLANG_ENABLE_OBJC_WEAK = YES;
				CLANG_WARN_BLOCK_CAPTURE_AUTORELEASING = YES;
				CLANG_WARN_BOOL_CONVERSION = YES;
				CLANG_WARN_COMMA = YES;
				CLANG_WARN_CONSTANT_CONVERSION = YES;
				CLANG_WARN_DEPRECATED_OBJC_IMPLEMENTATIONS = YES;
				CLANG_WARN_DIRECT_OBJC_ISA_USAGE = YES_ERROR;
				CLANG_WARN_DOCUMENTATION_COMMENTS = YES;
				CLANG_WARN_EMPTY_BODY = YES;
				CLANG_WARN_ENUM_CONVERSION = YES;
				CLANG_WARN_INFINITE_RECURSION = YES;
				CLANG_WARN_INT_CONVERSION = YES;
				CLANG_WARN_NON_LITERAL_NULL_CONVERSION = YES;
				CLANG_WARN_OBJC_IMPLICIT_RETAIN_SELF = YES;
				CLANG_WARN_OBJC_LITERAL_CONVERSION = YES;
				CLANG_WARN_OBJC_ROOT_CLASS = YES_ERROR;
				CLANG_WARN_RANGE_LOOP_ANALYSIS = YES;
				CLANG_WARN_STRICT_PROTOTYPES = YES;
				CLANG_WARN_SUSPICIOUS_MOVE = YES;
				CLANG_WARN_UNGUARDED_AVAILABILITY = YES_AGGRESSIVE;
				CLANG_WARN_UNREACHABLE_CODE = YES;
				CLANG_WARN__DUPLICATE_METHOD_MATCH = YES;
				CODE_SIGN_IDENTITY = "Mac Developer";
				COPY_PHASE_STRIP = NO;
				DEBUG_INFORMATION_FORMAT = dwarf;
				ENABLE_STRICT_OBJC_MSGSEND = YES;
				ENABLE_TESTABILITY = YES;
				GCC_C_LANGUAGE_STANDARD = gnu11;
				GCC_DYNAMIC_NO_PIC = NO;
				GCC_NO_COMMON_BLOCKS = YES;
				GCC_OPTIMIZATION_LEVEL = 0;
				GCC_PREPROCESSOR_DEFINITIONS = (
					"DEBUG=1",
					"$(inherited)",
				);
				GCC_WARN_64_TO_32_BIT_CONVERSION = YES;
				GCC_WARN_ABOUT_RETURN_TYPE = YES_ERROR;
				GCC_WARN_UNDECLARED_SELECTOR = YES;
				GCC_WARN_UNINITIALIZED_AUTOS = YES_AGGRESSIVE;
				GCC_WARN_UNUSED_FUNCTION = YES;
				GCC_WARN_UNUSED_VARIABLE = YES;
				MACOSX_DEPLOYMENT_TARGET = 10.14;
				MTL_ENABLE_DEBUG_INFO = INCLUDE_SOURCE;
				MTL_FAST_MATH = YES;
				ONLY_ACTIVE_ARCH = YES;
				SDKROOT = macosx;
				SWIFT_ACTIVE_COMPILATION_CONDITIONS = DEBUG;
				SWIFT_OPTIMIZATION_LEVEL = "-Onone";
			};
			name = Debug;
		};
		8B4D012223FD5B7800FC0F69 /* Release */ = {
			isa = XCBuildConfiguration;
			buildSettings = {
				ALWAYS_SEARCH_USER_PATHS = NO;
				CLANG_ANALYZER_NONNULL = YES;
				CLANG_ANALYZER_NUMBER_OBJECT_CONVERSION = YES_AGGRESSIVE;
				CLANG_CXX_LANGUAGE_STANDARD = "gnu++14";
				CLANG_CXX_LIBRARY = "libc++";
				CLANG_ENABLE_MODULES = YES;
				CLANG_ENABLE_OBJC_ARC = YES;
				CLANG_ENABLE_OBJC_WEAK = YES;
				CLANG_WARN_BLOCK_CAPTURE_AUTORELEASING = YES;
				CLANG_WARN_BOOL_CONVERSION = YES;
				CLANG_WARN_COMMA = YES;
				CLANG_WARN_CONSTANT_CONVERSION = YES;
				CLANG_WARN_DEPRECATED_OBJC_IMPLEMENTATIONS = YES;
				CLANG_WARN_DIRECT_OBJC_ISA_USAGE = YES_ERROR;
				CLANG_WARN_DOCUMENTATION_COMMENTS = YES;
				CLANG_WARN_EMPTY_BODY = YES;
				CLANG_WARN_ENUM_CONVERSION = YES;
				CLANG_WARN_INFINITE_RECURSION = YES;
				CLANG_WARN_INT_CONVERSION = YES;
				CLANG_WARN_NON_LITERAL_NULL_CONVERSION = YES;
				CLANG_WARN_OBJC_IMPLICIT_RETAIN_SELF = YES;
				CLANG_WARN_OBJC_LITERAL_CONVERSION = YES;
				CLANG_WARN_OBJC_ROOT_CLASS = YES_ERROR;
				CLANG_WARN_RANGE_LOOP_ANALYSIS = YES;
				CLANG_WARN_STRICT_PROTOTYPES = YES;
				CLANG_WARN_SUSPICIOUS_MOVE = YES;
				CLANG_WARN_UNGUARDED_AVAILABILITY = YES_AGGRESSIVE;
				CLANG_WARN_UNREACHABLE_CODE = YES;
				CLANG_WARN__DUPLICATE_METHOD_MATCH = YES;
				CODE_SIGN_IDENTITY = "Mac Developer";
				COPY_PHASE_STRIP = NO;
				DEBUG_INFORMATION_FORMAT = "dwarf-with-dsym";
				ENABLE_NS_ASSERTIONS = NO;
				ENABLE_STRICT_OBJC_MSGSEND = YES;
				GCC_C_LANGUAGE_STANDARD = gnu11;
				GCC_NO_COMMON_BLOCKS = YES;
				GCC_WARN_64_TO_32_BIT_CONVERSION = YES;
				GCC_WARN_ABOUT_RETURN_TYPE = YES_ERROR;
				GCC_WARN_UNDECLARED_SELECTOR = YES;
				GCC_WARN_UNINITIALIZED_AUTOS = YES_AGGRESSIVE;
				GCC_WARN_UNUSED_FUNCTION = YES;
				GCC_WARN_UNUSED_VARIABLE = YES;
				MACOSX_DEPLOYMENT_TARGET = 10.14;
				MTL_ENABLE_DEBUG_INFO = NO;
				MTL_FAST_MATH = YES;
				SDKROOT = macosx;
				SWIFT_COMPILATION_MODE = wholemodule;
				SWIFT_OPTIMIZATION_LEVEL = "-O";
			};
			name = Release;
		};
		8B4D012423FD5B7800FC0F69 /* Debug */ = {
			isa = XCBuildConfiguration;
			buildSettings = {
				ASSETCATALOG_COMPILER_APPICON_NAME = AppIcon;
				CODE_SIGN_ENTITLEMENTS = HolidayPlanner/HolidayPlanner.entitlements;
				CODE_SIGN_STYLE = Automatic;
				COMBINE_HIDPI_IMAGES = YES;
				DEVELOPMENT_TEAM = 5MSSM7WCB9;
				INFOPLIST_FILE = HolidayPlanner/Info.plist;
				LD_RUNPATH_SEARCH_PATHS = (
					"$(inherited)",
					"@executable_path/../Frameworks",
				);
				PRODUCT_BUNDLE_IDENTIFIER = info.shanaka.HolidayPlanner;
				PRODUCT_NAME = "$(TARGET_NAME)";
				SWIFT_VERSION = 4.2;
			};
			name = Debug;
		};
		8B4D012523FD5B7800FC0F69 /* Release */ = {
			isa = XCBuildConfiguration;
			buildSettings = {
				ASSETCATALOG_COMPILER_APPICON_NAME = AppIcon;
				CODE_SIGN_ENTITLEMENTS = HolidayPlanner/HolidayPlanner.entitlements;
				CODE_SIGN_STYLE = Automatic;
				COMBINE_HIDPI_IMAGES = YES;
				DEVELOPMENT_TEAM = 5MSSM7WCB9;
				INFOPLIST_FILE = HolidayPlanner/Info.plist;
				LD_RUNPATH_SEARCH_PATHS = (
					"$(inherited)",
					"@executable_path/../Frameworks",
				);
				PRODUCT_BUNDLE_IDENTIFIER = info.shanaka.HolidayPlanner;
				PRODUCT_NAME = "$(TARGET_NAME)";
				SWIFT_VERSION = 4.2;
			};
			name = Release;
		};
/* End XCBuildConfiguration section */

/* Begin XCConfigurationList section */
		8B4D010B23FD5B7700FC0F69 /* Build configuration list for PBXProject "HolidayPlanner" */ = {
			isa = XCConfigurationList;
			buildConfigurations = (
				8B4D012123FD5B7800FC0F69 /* Debug */,
				8B4D012223FD5B7800FC0F69 /* Release */,
			);
			defaultConfigurationIsVisible = 0;
			defaultConfigurationName = Release;
		};
		8B4D012323FD5B7800FC0F69 /* Build configuration list for PBXNativeTarget "HolidayPlanner" */ = {
			isa = XCConfigurationList;
			buildConfigurations = (
				8B4D012423FD5B7800FC0F69 /* Debug */,
				8B4D012523FD5B7800FC0F69 /* Release */,
			);
			defaultConfigurationIsVisible = 0;
			defaultConfigurationName = Release;
		};
/* End XCConfigurationList section */

/* Begin XCVersionGroup section */
		8B4D011723FD5B7700FC0F69 /* HolidayPlanner.xcdatamodeld */ = {
			isa = XCVersionGroup;
			children = (
				8B4D011823FD5B7700FC0F69 /* HolidayPlanner.xcdatamodel */,
			);
			currentVersion = 8B4D011823FD5B7700FC0F69 /* HolidayPlanner.xcdatamodel */;
			path = HolidayPlanner.xcdatamodeld;
			sourceTree = "<group>";
			versionGroupType = wrapper.xcdatamodel;
		};
/* End XCVersionGroup section */
	};
	rootObject = 8B4D010823FD5B7700FC0F69 /* Project object */;
}
